# Generated by pub
# See https://dart.dev/tools/pub/glossary#lockfile
packages:
  _fe_analyzer_shared:
    dependency: transitive
    description:
      name: _fe_analyzer_shared
      sha256: d93b0378aadce9c1388108067946276582c2ae89426c64c17920c74988508fed
      url: "https://pub.dev"
    source: hosted
    version: "22.0.0"
  analyzer:
    dependency: transitive
    description:
      name: analyzer
      sha256: "581a0281129283e75d4d67d6ac6e391c0515cdce37eb6eb4bc8a52e65d2b16b6"
      url: "https://pub.dev"
    source: hosted
    version: "1.7.2"
  archive:
    dependency: transitive
    description:
      name: archive
      sha256: a92e39b291073bb840a72cf43d96d2a63c74e9a485d227833e8ea0054d16ad16
      url: "https://pub.dev"
    source: hosted
    version: "3.1.2"
  args:
    dependency: "direct overridden"
    description:
      name: args
      sha256: ad180a697bf97dd54ab519a4665c57683bf4f70649a18671cea661cf0397c055
      url: "https://pub.dev"
    source: hosted
    version: "2.1.0"
  async:
    dependency: transitive
    description:
      name: async
      sha256: "947bfcf187f74dbc5e146c9eb9c0f10c9f8b30743e341481c1e2ed3ecc18c20c"
      url: "https://pub.dev"
    source: hosted
    version: "2.11.0"
  back_button_interceptor:
    dependency: "direct main"
    description:
      name: back_button_interceptor
      sha256: "8ae2e89e738833133e0af3e10fb675cec3493ece2b3602b353391bd9dee7b213"
      url: "https://pub.dev"
    source: hosted
    version: "5.0.0"
  boolean_selector:
    dependency: transitive
    description:
      name: boolean_selector
      sha256: "6cfb5af12253eaf2b368f07bacc5a80d1301a071c73360d746b7f2e32d762c66"
      url: "https://pub.dev"
    source: hosted
    version: "2.1.1"
  cached_network_image:
    dependency: "direct main"
    description:
      name: cached_network_image
      sha256: "4f432f1ebef997167339c53de39e10229ae931b954f0b57331fe6bc75e6eeda1"
      url: "https://pub.dev"
    source: hosted
    version: "3.1.0"
  cached_network_image_platform_interface:
    dependency: transitive
    description:
      name: cached_network_image_platform_interface
      sha256: "8e2b5befefec5063bee8f209fda21751f6328d405d4237c70f21104568b2fee7"
      url: "https://pub.dev"
    source: hosted
    version: "1.0.0"
  cached_network_image_web:
    dependency: transitive
    description:
      name: cached_network_image_web
      sha256: d4351c7eb16767df129b0474a5ebc4e028870379c063e8ba265a56aa00831e70
      url: "https://pub.dev"
    source: hosted
    version: "1.0.1"
  characters:
    dependency: transitive
    description:
      name: characters
      sha256: "04a925763edad70e8443c99234dc3328f442e811f1d8fd1a72f1c8ad0f69a605"
      url: "https://pub.dev"
    source: hosted
    version: "1.3.0"
  charcode:
    dependency: transitive
    description:
      name: charcode
      sha256: fb98c0f6d12c920a02ee2d998da788bca066ca5f148492b7085ee23372b12306
      url: "https://pub.dev"
    source: hosted
    version: "1.3.1"
  cli_util:
    dependency: transitive
    description:
      name: cli_util
      sha256: cf1c02840bbbcf8fcd13feb5933c62d643cc58ddf4f6088707cf48d1892cbc5d
      url: "https://pub.dev"
    source: hosted
    version: "0.3.0"
  clock:
    dependency: transitive
    description:
      name: clock
      sha256: cb6d7f03e1de671e34607e909a7213e31d7752be4fb66a86d29fe1eb14bfb5cf
      url: "https://pub.dev"
    source: hosted
    version: "1.1.1"
  collection:
    dependency: "direct main"
    description:
      name: collection
      sha256: f092b211a4319e98e5ff58223576de6c2803db36221657b46c82574721240687
      url: "https://pub.dev"
    source: hosted
    version: "1.17.2"
  connectivity:
    dependency: "direct main"
    description:
      name: connectivity
      sha256: a8e91263cf3e25fb5cc95e19dfde4999e32a648ac3b9e8a558a28165731678f8
      url: "https://pub.dev"
    source: hosted
    version: "3.0.6"
  connectivity_for_web:
    dependency: transitive
    description:
      name: connectivity_for_web
      sha256: "0d698514a27bf13399ccddfae7fa96f28c58ba2ada64d5d385661a97798bdd36"
      url: "https://pub.dev"
    source: hosted
    version: "0.4.0"
  connectivity_macos:
    dependency: transitive
    description:
      name: connectivity_macos
      sha256: fd3e6808153362782b465f61ba431f35571bf08d2ddee9c48a6cd5818c2753bd
      url: "https://pub.dev"
    source: hosted
    version: "0.2.0"
  connectivity_platform_interface:
    dependency: transitive
    description:
      name: connectivity_platform_interface
      sha256: "2d82e942df9d49f29a24bb07fb5ce085d4a53e47818c62364d2b6deb9e0d7a8e"
      url: "https://pub.dev"
    source: hosted
    version: "2.0.1"
  convert:
    dependency: transitive
    description:
      name: convert
      sha256: df567b950053d83b4dba3e8c5799c411895d146f82b2147114b666a4fd9a80dd
      url: "https://pub.dev"
    source: hosted
    version: "3.0.0"
  cross_file:
    dependency: transitive
    description:
      name: cross_file
      sha256: "5388c401d0a12412f95c9ab01d358b03854da532f8f9189034d3187644e44da4"
      url: "https://pub.dev"
    source: hosted
    version: "0.3.1+5"
  crypto:
    dependency: transitive
    description:
      name: crypto
      sha256: cf75650c66c0316274e21d7c43d3dea246273af5955bd94e8184837cd577575c
      url: "https://pub.dev"
    source: hosted
    version: "3.0.1"
  csslib:
    dependency: transitive
    description:
      name: csslib
      sha256: f857285c8dc0b4f2f77b49a1c083ff8c75223a7549de20f3e607df58cf497a43
      url: "https://pub.dev"
    source: hosted
    version: "0.17.0"
  cupertino_icons:
    dependency: "direct main"
    description:
      name: cupertino_icons
      sha256: "486b7bc707424572cdf7bd7e812a0c146de3fd47ecadf070254cc60383f21dd8"
      url: "https://pub.dev"
    source: hosted
    version: "1.0.3"
  dart_style:
    dependency: transitive
    description:
      name: dart_style
      sha256: "54f467ce920cfa4c3b6456900824ef018def893f9435d0a7380c96d05bcc6b64"
      url: "https://pub.dev"
    source: hosted
    version: "2.0.1"
  dcache:
    dependency: "direct main"
    description:
      name: dcache
      sha256: "93118d20137b84a0ec8f0960ee3fdbc1f7173e56affc9656d2ede223ff48ebbe"
      url: "https://pub.dev"
    source: hosted
    version: "0.4.0"
  device_info:
    dependency: "direct main"
    description:
      name: device_info
      sha256: "8f07d3647ec6025dcc5f56c4c9a749257e1389774361aa999e2b4fc7dd6f3ded"
      url: "https://pub.dev"
    source: hosted
    version: "2.0.2"
  device_info_platform_interface:
    dependency: transitive
    description:
      name: device_info_platform_interface
      sha256: b148e0bf9640145d09a4f8dea96614076f889e7f7f8b5ecab1c7e5c2dbc73c1b
      url: "https://pub.dev"
    source: hosted
    version: "2.0.1"
  exif:
    dependency: "direct main"
    description:
      name: exif
      sha256: a3382e2d50d5fdb75feb47dc99f4f4ac3fb16dcdd9a16b45217b677049605763
      url: "https://pub.dev"
    source: hosted
    version: "2.2.0"
  expandable:
    dependency: "direct main"
    description:
      name: expandable
      sha256: "9604d612d4d1146dafa96c6d8eec9c2ff0994658d6d09fed720ab788c7f5afc2"
      url: "https://pub.dev"
    source: hosted
    version: "5.0.1"
  fake_async:
    dependency: transitive
    description:
      name: fake_async
      sha256: "511392330127add0b769b75a987850d136345d9227c6b94c96a04cf4a391bf78"
      url: "https://pub.dev"
    source: hosted
    version: "1.3.1"
  ffi:
    dependency: transitive
    description:
      name: ffi
      sha256: "2147e33e073790090f267d42cd2ae15673769d48a6792d6c6730e4103b461984"
      url: "https://pub.dev"
    source: hosted
    version: "1.1.1"
  file:
    dependency: transitive
    description:
      name: file
      sha256: bbbe4cbd826c19385c87dcb11d07af2b26c98ac9ed94c1cd65172818570e25b2
      url: "https://pub.dev"
    source: hosted
    version: "6.1.1"
  file_picker:
    dependency: "direct main"
    description:
      name: file_picker
      sha256: "79160736391eb2652104beea9ffa63096868f32997d959fc02037152d509c3eb"
      url: "https://pub.dev"
    source: hosted
    version: "3.0.2+2"
  flutter:
    dependency: "direct main"
    description: flutter
    source: sdk
    version: "0.0.0"
  flutter_advanced_networkimage:
    dependency: "direct main"
    description:
      path: "."
      ref: "0b2c9775f8ab375c47f812a459f276b9feb107b8"
      resolved-ref: "0b2c9775f8ab375c47f812a459f276b9feb107b8"
      url: "https://github.com/jozsefsallai/flutter_advanced_networkimage.git"
    source: git
    version: "0.7.0"
  flutter_blurhash:
    dependency: transitive
    description:
      name: flutter_blurhash
      sha256: "3525f13a7c280886d8119d7b8cbb88918ff0542bb7c41acc5674c2be93d1f8c0"
      url: "https://pub.dev"
    source: hosted
    version: "0.6.0"
  flutter_cache_manager:
    dependency: "direct main"
    description:
      name: flutter_cache_manager
      sha256: "68a0374277c9525ec8ff3676de8b92b53fe1dd53dbc17ac2a33268b3204ba51e"
      url: "https://pub.dev"
    source: hosted
    version: "3.1.0"
  flutter_colorpicker:
    dependency: "direct main"
    description:
      name: flutter_colorpicker
      sha256: "4c988b015043f77ded67cbc8609f811ae3fea5c26c53e456924bbc64fe271628"
      url: "https://pub.dev"
    source: hosted
    version: "0.6.0"
  flutter_ffmpeg:
    dependency: "direct main"
    description:
      name: flutter_ffmpeg
      sha256: "8d8bb4551cf76384748ba6948739c1e56a9164794e48f06cbfb0ff1bfb058b5f"
      url: "https://pub.dev"
    source: hosted
    version: "0.4.2"
  flutter_image_compress:
    dependency: "direct main"
    description:
      name: flutter_image_compress
      sha256: "8de83154d83b00100e53ea7a9d8e9326a985fc8d3894abf0193eb71f2268a70c"
      url: "https://pub.dev"
    source: hosted
    version: "1.1.0"
  flutter_launcher_icons:
    dependency: "direct dev"
    description:
      name: flutter_launcher_icons
      sha256: "1f7723d73e938ce77436cdde0c2b6c39178e812b82f0c0c15ba79d6125da5358"
      url: "https://pub.dev"
    source: hosted
    version: "0.9.0"
  flutter_localizations:
    dependency: "direct main"
    description: flutter
    source: sdk
    version: "0.0.0"
  flutter_markdown:
    dependency: "direct main"
    description:
      name: flutter_markdown
      sha256: "3777a3b3800aaa6a0906d8069aaa3f734f13a3f6029881bdd8614ace59b4db81"
      url: "https://pub.dev"
    source: hosted
    version: "0.6.6"
  flutter_pagewise:
    dependency: "direct main"
    description:
      name: flutter_pagewise
      sha256: "34b17afc85f58098a3ce3dd95b0cbb217a11d3f805e742405fca7120e0d20ae1"
      url: "https://pub.dev"
    source: hosted
    version: "2.0.1"
  flutter_plugin_android_lifecycle:
    dependency: transitive
    description:
      name: flutter_plugin_android_lifecycle
      sha256: aa36b33c721ac6e889adad07e3c87e6a07b33c28d1f2bc22f2561762cd7d2162
      url: "https://pub.dev"
    source: hosted
    version: "2.0.2"
  flutter_secure_storage:
    dependency: "direct main"
    description:
      name: flutter_secure_storage
      sha256: "9f3dd2ac3b6875b0fde5b04734789c3ef35ba3965c18e99dd564a7a2f8056df6"
      url: "https://pub.dev"
    source: hosted
    version: "4.2.1"
  flutter_slidable:
    dependency: "direct main"
    description:
      name: flutter_slidable
      sha256: c7607eb808cdef19c8468246e95a133308aeaeb3971cdd9edfb9d5e31cedfbe9
      url: "https://pub.dev"
    source: hosted
    version: "0.6.0"
  flutter_svg:
    dependency: "direct main"
    description:
      name: flutter_svg
      sha256: "9ac1967e2f72a08af11b05b39167920f90d043cf67163d13a544a358c8f31afa"
      url: "https://pub.dev"
    source: hosted
    version: "0.22.0"
  flutter_test:
    dependency: "direct dev"
    description: flutter
    source: sdk
    version: "0.0.0"
  flutter_web_plugins:
    dependency: transitive
    description: flutter
    source: sdk
    version: "0.0.0"
  glob:
    dependency: transitive
    description:
      name: glob
      sha256: dda85ce2aefce16f7e75586acbcb1e8320bf176f69fd94082e31945d6de67f3e
      url: "https://pub.dev"
    source: hosted
    version: "2.0.1"
  html:
    dependency: "direct main"
    description:
      name: html
      sha256: bfef906cbd4e78ef49ae511d9074aebd1d2251482ef601a280973e8b58b51bbf
      url: "https://pub.dev"
    source: hosted
    version: "0.15.0"
  http:
    dependency: "direct main"
    description:
      name: http
      sha256: b6f1f143a71e1fe1b34670f1acd6f13960ade2557c96b87e127e0cf661969791
      url: "https://pub.dev"
    source: hosted
    version: "0.13.3"
  http_parser:
    dependency: transitive
    description:
      name: http_parser
      sha256: e362d639ba3bc07d5a71faebb98cde68c05bfbcfbbb444b60b6f60bb67719185
      url: "https://pub.dev"
    source: hosted
    version: "4.0.0"
  http_retry:
    dependency: "direct main"
    description:
      name: http_retry
      sha256: "189c36a738f4321fbd9c8719afc758369516736bcfd0a0454a80f194b0638699"
      url: "https://pub.dev"
    source: hosted
    version: "0.2.0"
  image:
    dependency: transitive
    description:
      name: image
      sha256: "3e5c9ef82c0af7823be4cb5294a829a6e0548a6f6b4e261e6386509a9e03bcab"
      url: "https://pub.dev"
    source: hosted
    version: "3.0.2"
  image_cropper:
    dependency: "direct main"
    description:
      name: image_cropper
      sha256: "17f6748cc564e6b12bc1404348433365fb6e1cef05fad61f921f7c8202737bc2"
      url: "https://pub.dev"
    source: hosted
    version: "1.4.1"
  image_picker:
    dependency: "direct main"
    description:
      name: image_picker
      sha256: "401a3a3cb3efbfacad692335b70f36c4e86af01380c25d9a73d5a980a521cc02"
      url: "https://pub.dev"
    source: hosted
    version: "0.8.4+2"
  image_picker_for_web:
    dependency: transitive
    description:
      name: image_picker_for_web
      sha256: "111b14052ba8a06528487abcb579c152efee06c33b5d109154ce424d97139e10"
      url: "https://pub.dev"
    source: hosted
    version: "2.1.3"
  image_picker_platform_interface:
    dependency: transitive
    description:
      name: image_picker_platform_interface
      sha256: "7f88edc438b61292a9ce4f4fc6af8cf808eaa36abd6643d5675194572714bbd8"
      url: "https://pub.dev"
    source: hosted
    version: "2.4.1"
  intercom_flutter:
    dependency: "direct main"
    description:
      name: intercom_flutter
      sha256: fb114ff6c83c8ee21e7a1b151f70445e35b9b0236b6c2d8a1b3c25bfe8f1025c
      url: "https://pub.dev"
    source: hosted
    version: "3.2.1"
  intercom_flutter_platform_interface:
    dependency: transitive
    description:
      name: intercom_flutter_platform_interface
      sha256: ba17de736d2aefd762c3338f1f2e50ade17c8c212a44abb554960a31ecf74e40
      url: "https://pub.dev"
    source: hosted
    version: "0.0.1"
  intl:
    dependency: transitive
    description:
      name: intl
      sha256: "3bc132a9dbce73a7e4a21a17d06e1878839ffbf975568bc875c60537824b0c4d"
      url: "https://pub.dev"
    source: hosted
    version: "0.18.1"
  intl_generator:
    dependency: "direct dev"
    description:
      name: intl_generator
      sha256: "979e49d9a63d21c45c4d46d49cc5892ac9485f848622217402ca3fc0da0e18df"
      url: "https://pub.dev"
    source: hosted
    version: "0.1.0+0"
  inview_notifier_list:
    dependency: "direct main"
    description:
      path: "."
      ref: e52a3bb077dfb8815e6b7ac51f98ae1603ff26b2
      resolved-ref: e52a3bb077dfb8815e6b7ac51f98ae1603ff26b2
      url: "https://github.com/OkunaOrg/inview_notifier_list.git"
    source: git
    version: "1.1.0"
  js:
    dependency: transitive
    description:
      name: js
      sha256: a5e201311cb08bf3912ebbe9a2be096e182d703f881136ec1e81a2338a9e120d
      url: "https://pub.dev"
    source: hosted
    version: "0.6.4"
  markdown:
    dependency: transitive
    description:
      name: markdown
      sha256: bbe3a1ca7d75abb4b514777c94f988928a93f7f42c78f9554eccb23ad2203616
      url: "https://pub.dev"
    source: hosted
    version: "4.0.0"
  matcher:
    dependency: transitive
    description:
      name: matcher
      sha256: "1803e76e6653768d64ed8ff2e1e67bea3ad4b923eb5c56a295c3e634bad5960e"
      url: "https://pub.dev"
    source: hosted
    version: "0.12.16"
  material_color_utilities:
    dependency: transitive
    description:
      name: material_color_utilities
      sha256: "9528f2f296073ff54cb9fee677df673ace1218163c3bc7628093e7eed5203d41"
      url: "https://pub.dev"
    source: hosted
    version: "0.5.0"
  meta:
    dependency: transitive
    description:
      name: meta
      sha256: "3c74dbf8763d36539f114c799d8a2d87343b5067e9d796ca22b5eb8437090ee3"
      url: "https://pub.dev"
    source: hosted
    version: "1.9.1"
  mime:
    dependency: "direct main"
    description:
      name: mime
      sha256: a7a98ea7f366e2cc9d2b20873815aebec5e2bc124fe0da9d3f7f59b0625ea180
      url: "https://pub.dev"
    source: hosted
    version: "1.0.0"
  octo_image:
    dependency: transitive
    description:
      name: octo_image
      sha256: "33894db83453d13a6f48635af015f85fb24892536cd6a5d3bd2b24606b9ab527"
      url: "https://pub.dev"
    source: hosted
    version: "1.0.0+1"
  onesignal_flutter:
    dependency: "direct main"
    description:
      name: onesignal_flutter
      sha256: f766471c4f5e272282e6cb6cc42d682771804d18f908847b559e27bb1ca0c12b
      url: "https://pub.dev"
    source: hosted
    version: "3.2.3"
  open_iconic_flutter:
    dependency: "direct main"
    description:
      path: "."
      ref: "2d841baacd14bf5cd43b92f654f309cd7c5d1b97"
      resolved-ref: "2d841baacd14bf5cd43b92f654f309cd7c5d1b97"
      url: "https://github.com/pictofeed/open_iconic_flutter.git"
    source: git
    version: "0.4.0"
  package_config:
    dependency: transitive
    description:
      name: package_config
      sha256: "20e7154d701fedaeb219dad732815ecb66677667871127998a9a6581c2aba4ba"
      url: "https://pub.dev"
    source: hosted
    version: "2.0.0"
  package_info:
    dependency: "direct main"
    description:
      name: package_info
      sha256: "6c07d9d82c69e16afeeeeb6866fe43985a20b3b50df243091bfc4a4ad2b03b75"
      url: "https://pub.dev"
    source: hosted
    version: "2.0.2"
  package_info_plus:
    dependency: transitive
    description:
      name: package_info_plus
      sha256: "901f7019a4a76a6314e58bbb2148dc2e8aa37d770851f1354a2a695fa206a055"
      url: "https://pub.dev"
    source: hosted
    version: "1.0.1"
  package_info_plus_linux:
    dependency: transitive
    description:
      name: package_info_plus_linux
      sha256: "6997deefd388f833507e0e6ebda76287265d10bee69487c2eb93c9a2efd7a409"
      url: "https://pub.dev"
    source: hosted
    version: "1.0.2"
  package_info_plus_macos:
    dependency: transitive
    description:
      name: package_info_plus_macos
      sha256: "831edac872fc392efd8e60781ccf0f7d89193fb9006c17ec93cf515556ddc249"
      url: "https://pub.dev"
    source: hosted
    version: "1.1.1"
  package_info_plus_platform_interface:
    dependency: transitive
    description:
      name: package_info_plus_platform_interface
      sha256: "995dc393939313526d6fdbb4ea04bfeac9e5327bcb6e7b5c21bfae316212ba22"
      url: "https://pub.dev"
    source: hosted
    version: "1.0.1"
  package_info_plus_web:
    dependency: transitive
    description:
      name: package_info_plus_web
      sha256: c92496ee37e34795865365f4005de1f5c34f253d80785bed69ca2ba4bee83b64
      url: "https://pub.dev"
    source: hosted
    version: "1.0.1"
  package_info_plus_windows:
    dependency: transitive
    description:
      name: package_info_plus_windows
      sha256: "35de37f77c1ac5b878013c42cca6587dd891390afba39ae1b78b2c8c8bed774f"
      url: "https://pub.dev"
    source: hosted
    version: "1.0.1"
  path:
    dependency: "direct main"
    description:
      name: path
      sha256: "8829d8a55c13fc0e37127c29fedf290c102f4e40ae94ada574091fe0ff96c917"
      url: "https://pub.dev"
    source: hosted
    version: "1.8.3"
  path_drawing:
    dependency: transitive
    description:
      name: path_drawing
      sha256: b3e5edec6981a3679e57061fe045176646ac2b3e9f88770262ef1ac3673bab19
      url: "https://pub.dev"
    source: hosted
    version: "0.5.1"
  path_parsing:
    dependency: transitive
    description:
      name: path_parsing
      sha256: ee5c47c1058ad66b4a41746ec3996af9593d0858872807bcd64ac118f0700337
      url: "https://pub.dev"
    source: hosted
    version: "0.2.1"
  path_provider:
    dependency: transitive
    description:
      name: path_provider
      sha256: cfdc261c62a7273be7e051b19d27e503927a40919932f790681042a038f3605d
      url: "https://pub.dev"
    source: hosted
    version: "2.0.2"
  path_provider_linux:
    dependency: transitive
    description:
      name: path_provider_linux
      sha256: "938d2b6591587bcb009d2109a6ea464fd8fb2a75dc6423171b0d0afb1d27c708"
      url: "https://pub.dev"
    source: hosted
    version: "2.0.0"
  path_provider_macos:
    dependency: transitive
    description:
      name: path_provider_macos
      sha256: eb58b896ea3a504f0b0fa7870646bda6935a6f752b2a54df33f97070dacca8d4
      url: "https://pub.dev"
    source: hosted
    version: "2.0.0"
  path_provider_platform_interface:
    dependency: transitive
    description:
      name: path_provider_platform_interface
      sha256: c2af5a8a6369992d915f8933dfc23172071001359d17896e83db8be57db8a397
      url: "https://pub.dev"
    source: hosted
    version: "2.0.1"
  path_provider_windows:
    dependency: transitive
    description:
      name: path_provider_windows
      sha256: "99bb2d003df56a2a846e23f716bbf713a1d36d3e2a7d7e99ca4b01aeae80045a"
      url: "https://pub.dev"
    source: hosted
    version: "2.0.1"
  pedantic:
    dependency: transitive
    description:
      name: pedantic
      sha256: "8f6460c77a98ad2807cd3b98c67096db4286f56166852d0ce5951bb600a63594"
      url: "https://pub.dev"
    source: hosted
    version: "1.11.0"
  petitparser:
    dependency: transitive
    description:
      name: petitparser
      sha256: "85e8f8b118afcccf948a9844d199e56260117400bd9b9982d87bf1d62ebc1690"
      url: "https://pub.dev"
    source: hosted
    version: "4.1.0"
  photo_view:
    dependency: "direct main"
    description:
      name: photo_view
      sha256: aedb4371e5bf67546ecd92aed341df714f9de5db7c417ce7538a91c2b43d931a
      url: "https://pub.dev"
    source: hosted
    version: "0.12.0"
  pigment:
    dependency: "direct main"
    description:
      name: pigment
      sha256: b8c56059e21ecb9379a304c78a4f20e399d41e54384a7f64de21103b4b5c38dd
      url: "https://pub.dev"
    source: hosted
    version: "1.0.4"
  platform:
    dependency: transitive
    description:
      name: platform
      sha256: ebc79f16b5f6b609aad4a5e63447d4795d16f7adee46e93ed03200848c006735
      url: "https://pub.dev"
    source: hosted
    version: "3.0.0"
  plugin_platform_interface:
    dependency: transitive
    description:
      name: plugin_platform_interface
      sha256: "43798d895c929056255600343db8f049921cbec94d31ec87f1dc5c16c01935dd"
      url: "https://pub.dev"
    source: hosted
    version: "2.1.5"
  process:
    dependency: transitive
    description:
      name: process
      sha256: dc3c073b5bc0db4e0f3dbc6b69f8e9cf2f336dafb3db996242ebdacf94c295dd
      url: "https://pub.dev"
    source: hosted
    version: "4.2.1"
  pub_semver:
    dependency: transitive
    description:
      name: pub_semver
      sha256: "59ed538734419e81f7fc18c98249ae72c3c7188bdd9dceff2840585227f79843"
      url: "https://pub.dev"
    source: hosted
    version: "2.0.0"
  public_suffix:
    dependency: "direct main"
    description:
      name: public_suffix
      sha256: "8c41d2246cd6e8355459dbfa5fcb36add619b3afe5e0cad535cfa460f5498b68"
      url: "https://pub.dev"
    source: hosted
    version: "3.0.0"
  punycode:
    dependency: transitive
    description:
      name: punycode
      sha256: "39b874cc1f78b94e57db17e74b3f2ba2a96e25c0bebdcc8a571614dccda0ff0c"
      url: "https://pub.dev"
    source: hosted
    version: "1.0.0"
  retry:
    dependency: "direct main"
    description:
      name: retry
      sha256: "45dfeebaf095b606fdb9dbfb4c114cc204449bc274783b452658365e03afdbab"
      url: "https://pub.dev"
    source: hosted
    version: "3.1.0"
  rxdart:
    dependency: "direct main"
    description:
      name: rxdart
      sha256: "7358d9e183dd9002a16c17200186c7af56dd9e210b030853ca669ccd02e3d5d6"
      url: "https://pub.dev"
    source: hosted
    version: "0.27.2"
  screen:
    dependency: "direct main"
    description:
      path: "."
      ref: "7dd6c22962df75ef21d3371eb18991621aa901ee"
      resolved-ref: "7dd6c22962df75ef21d3371eb18991621aa901ee"
      url: "https://github.com/pictofeed/flutter_screen.git"
    source: git
    version: "0.0.5"
  sentry:
    dependency: transitive
    description:
      name: sentry
      sha256: "11e52d5abf756282829b50b0dd226c9aeade9af3165b9fd54fca098876c0568a"
      url: "https://pub.dev"
    source: hosted
    version: "5.0.0"
  sentry_flutter:
    dependency: "direct main"
    description:
      name: sentry_flutter
      sha256: "03beda44836bd694493a915f57b9a9b1d222d1a5f6694735008c918ea3d81b9f"
      url: "https://pub.dev"
    source: hosted
    version: "5.0.0"
  share_plus:
    dependency: "direct main"
    description:
      name: share_plus
      sha256: "4e7f2d2cdcb3c5afd2de8882965440f58d29d267f98f48110d3d2af2ef59dac1"
      url: "https://pub.dev"
    source: hosted
    version: "2.1.4"
  share_plus_linux:
    dependency: transitive
    description:
      name: share_plus_linux
      sha256: b176df989e1e05107ca8a15a0e015e1f8ab6c28df3b85539a60c843646e66701
      url: "https://pub.dev"
    source: hosted
    version: "2.0.3"
  share_plus_macos:
    dependency: transitive
    description:
      name: share_plus_macos
      sha256: "3b3cf4059b9a5a977295e73aa102265069636971146d4732aeeba1d6fd41e965"
      url: "https://pub.dev"
    source: hosted
    version: "2.0.2"
  share_plus_platform_interface:
    dependency: transitive
    description:
      name: share_plus_platform_interface
      sha256: "4008efb3c736b2dd1c9731f155f813fed149007c5bc65af14363d804f7474e3a"
      url: "https://pub.dev"
    source: hosted
    version: "2.0.1"
  share_plus_web:
    dependency: transitive
    description:
      name: share_plus_web
      sha256: b121451985255d61cfd30079fcfb25fd9c8a8e0222d25a7994e78175610f4357
      url: "https://pub.dev"
    source: hosted
    version: "2.0.4"
  share_plus_windows:
    dependency: transitive
    description:
      name: share_plus_windows
      sha256: "42cdcbc99652eceae5257eed9b06a26566d36ffc0238026ab71cb34102e05ae3"
      url: "https://pub.dev"
    source: hosted
    version: "2.0.3"
  shared_preferences:
    dependency: "direct main"
    description:
      name: shared_preferences
      sha256: b1313a5f4497d9eaa30cffc6e809c34886d12f4226afe54a71d7991b5998a526
      url: "https://pub.dev"
    source: hosted
    version: "2.0.8"
  shared_preferences_linux:
    dependency: transitive
    description:
      name: shared_preferences_linux
      sha256: "33fc7c6ced70d226645a9612132fbff9890805df4edd34f30840e7e738866fee"
      url: "https://pub.dev"
    source: hosted
    version: "2.0.0"
  shared_preferences_macos:
    dependency: transitive
    description:
      name: shared_preferences_macos
      sha256: "5d2bad07b196b6ad4cf21af6f7197a87264ef569199502b9352f76e5054f06ae"
      url: "https://pub.dev"
    source: hosted
    version: "2.0.0"
  shared_preferences_platform_interface:
    dependency: transitive
    description:
      name: shared_preferences_platform_interface
      sha256: "992f0fdc46d0a3c0ac2e5859f2de0e577bbe51f78a77ee8f357cbe626a2ad32d"
      url: "https://pub.dev"
    source: hosted
    version: "2.0.0"
  shared_preferences_web:
    dependency: transitive
    description:
      name: shared_preferences_web
      sha256: "09b72ec530a1b1f26cdbec6b138f980d97d4d86ebb86dbf6365369fbd4bb05c8"
      url: "https://pub.dev"
    source: hosted
    version: "2.0.0"
  shared_preferences_windows:
    dependency: transitive
    description:
      name: shared_preferences_windows
      sha256: "76c54a0148780d779a3fe332ece9ba8ad2c9dd0bc717ee7fce58bd06b5e8118f"
      url: "https://pub.dev"
    source: hosted
    version: "2.0.0"
  shimmer:
    dependency: "direct main"
    description:
      name: shimmer
      sha256: "1f1009b5845a1f88f1c5630212279540486f97409e9fc3f63883e71070d107bf"
      url: "https://pub.dev"
    source: hosted
    version: "2.0.0"
  sky_engine:
    dependency: transitive
    description: flutter
    source: sdk
    version: "0.0.99"
  source_span:
    dependency: transitive
    description:
      name: source_span
      sha256: "53e943d4206a5e30df338fd4c6e7a077e02254531b138a15aec3bd143c1a8b3c"
      url: "https://pub.dev"
    source: hosted
    version: "1.10.0"
  sprintf:
    dependency: "direct main"
    description:
      name: sprintf
      sha256: "936056f5ed53a4c69a1446b78434a24b9264cac67da4c98b39403e8f5d9fc526"
      url: "https://pub.dev"
    source: hosted
    version: "6.0.0"
  sqflite:
    dependency: transitive
    description:
      name: sqflite
      sha256: "643ab681a84d299bb5b661995668008e732f0577725b5be50d1dd25c1ed42d53"
      url: "https://pub.dev"
    source: hosted
    version: "2.0.0+3"
  sqflite_common:
    dependency: transitive
    description:
      name: sqflite_common
      sha256: b229e2c783cccb451a5a0702e9c2d755a1efb6b6e035385437d11d5036ee37b9
      url: "https://pub.dev"
    source: hosted
    version: "2.0.0+2"
  stack_trace:
    dependency: transitive
    description:
      name: stack_trace
      sha256: c3c7d8edb15bee7f0f74debd4b9c5f3c2ea86766fe4178eb2a18eb30a0bdaed5
      url: "https://pub.dev"
    source: hosted
    version: "1.11.0"
  stream_channel:
    dependency: transitive
    description:
      name: stream_channel
      sha256: "83615bee9045c1d322bbbd1ba209b7a749c2cbcdcb3fdd1df8eb488b3279c1c8"
      url: "https://pub.dev"
    source: hosted
    version: "2.1.1"
  stream_transform:
    dependency: transitive
    description:
      name: stream_transform
      sha256: ed464977cb26a1f41537e177e190c67223dbd9f4f683489b6ab2e5d211ec564e
      url: "https://pub.dev"
    source: hosted
    version: "2.0.0"
  string_scanner:
    dependency: transitive
    description:
      name: string_scanner
      sha256: "556692adab6cfa87322a115640c11f13cb77b3f076ddcc5d6ae3c20242bedcde"
      url: "https://pub.dev"
    source: hosted
    version: "1.2.0"
  synchronized:
    dependency: transitive
    description:
      name: synchronized
      sha256: "271977ff1e9e82ceefb4f08424b8839f577c1852e0726b5ce855311b46d3ef83"
      url: "https://pub.dev"
    source: hosted
    version: "3.0.0"
  term_glyph:
    dependency: transitive
    description:
      name: term_glyph
      sha256: a29248a84fbb7c79282b40b8c72a1209db169a2e0542bce341da992fe1bc7e84
      url: "https://pub.dev"
    source: hosted
    version: "1.2.1"
  test_api:
    dependency: transitive
    description:
      name: test_api
      sha256: "75760ffd7786fffdfb9597c35c5b27eaeec82be8edfb6d71d32651128ed7aab8"
      url: "https://pub.dev"
    source: hosted
    version: "0.6.0"
  throttling:
    dependency: "direct main"
    description:
      name: throttling
      sha256: "0b328adb283db092373b2835574fbcdf7d0e472d24f0455717c836ef9824def9"
      url: "https://pub.dev"
    source: hosted
    version: "1.0.0"
  timeago:
    dependency: "direct main"
    description:
      name: timeago
      sha256: "44002263fcbcd309162a87dcbb859477574b5d1555191a22b7201b3f14204924"
      url: "https://pub.dev"
    source: hosted
    version: "3.1.0"
  tinycolor2:
    dependency: "direct main"
    description:
      name: tinycolor2
      sha256: "81850c32ac8d4dcff37299bf3e52bcad4f4db6bc73d4b06727c9922de3766390"
      url: "https://pub.dev"
    source: hosted
    version: "3.0.1"
  typed_data:
    dependency: transitive
    description:
      name: typed_data
      sha256: "53bdf7e979cfbf3e28987552fd72f637e63f3c8724c9e56d9246942dc2fa36ee"
      url: "https://pub.dev"
    source: hosted
    version: "1.3.0"
  uni_links:
    dependency: "direct main"
    description:
      name: uni_links
      sha256: "051098acfc9e26a9fde03b487bef5d3d228ca8f67693480c6f33fd4fbb8e2b6e"
      url: "https://pub.dev"
    source: hosted
    version: "0.5.1"
  uni_links_platform_interface:
    dependency: transitive
    description:
      name: uni_links_platform_interface
      sha256: "929cf1a71b59e3b7c2d8a2605a9cf7e0b125b13bc858e55083d88c62722d4507"
      url: "https://pub.dev"
    source: hosted
    version: "1.0.0"
  uni_links_web:
    dependency: transitive
    description:
      name: uni_links_web
      sha256: "7539db908e25f67de2438e33cc1020b30ab94e66720b5677ba6763b25f6394df"
      url: "https://pub.dev"
    source: hosted
    version: "0.1.0"
  url_launcher:
    dependency: "direct main"
    description:
      name: url_launcher
      sha256: d0ca83baf29d7b1e1a88dff21cc4476cd1efd5e58438974deb87c5f2ff5a6b65
      url: "https://pub.dev"
    source: hosted
    version: "6.0.12"
  url_launcher_linux:
    dependency: transitive
    description:
      name: url_launcher_linux
      sha256: "86f3f393cde6bed2a05bfc7f05e52aeaf4f9911a3ad9ff78a42e89e57e5a264a"
      url: "https://pub.dev"
    source: hosted
    version: "2.0.0"
  url_launcher_macos:
    dependency: transitive
    description:
      name: url_launcher_macos
      sha256: f72b523da791d519aed53c12fd99c7dc50fdd1e4913da904081f3666d06334b5
      url: "https://pub.dev"
    source: hosted
    version: "2.0.0"
  url_launcher_platform_interface:
    dependency: transitive
    description:
      name: url_launcher_platform_interface
      sha256: "062ff07300fa86ed4aa48fae6c5c5187a0e0f570276bcfe589876d48f11fbb0f"
      url: "https://pub.dev"
    source: hosted
    version: "2.0.3"
  url_launcher_web:
    dependency: transitive
    description:
      name: url_launcher_web
      sha256: "057e3458dfcc4276d171ae70cd98efc6d2485bf39b93a015349754e5dec0f657"
      url: "https://pub.dev"
    source: hosted
    version: "2.0.0"
  url_launcher_windows:
    dependency: transitive
    description:
      name: url_launcher_windows
      sha256: f98b970a12236957881fa28df0c6700f03d9dc5f471cf5ca6d205b77e7ad92d2
      url: "https://pub.dev"
    source: hosted
    version: "2.0.0"
  uuid:
    dependency: "direct main"
    description:
      name: uuid
      sha256: "0ea20bfc625477e17f08a92d112272a071609b275ce4ca10ad853e1426ca3758"
      url: "https://pub.dev"
    source: hosted
    version: "3.0.4"
  validators:
    dependency: "direct main"
    description:
      name: validators
      sha256: "884515951f831a9c669a41ed6c4d3c61c2a0e8ec6bca761a4480b28e99cecf5d"
      url: "https://pub.dev"
    source: hosted
    version: "3.0.0"
  vector_math:
    dependency: transitive
    description:
      name: vector_math
      sha256: "80b3257d1492ce4d091729e3a67a60407d227c27241d6927be0130c98e741803"
      url: "https://pub.dev"
    source: hosted
    version: "2.1.4"
  video_player:
    dependency: "direct main"
    description:
      name: video_player
      sha256: "3fd106c74da32f336dc7feb65021da9b0207cb3124392935f1552834f7cce822"
      url: "https://pub.dev"
    source: hosted
    version: "2.7.0"
  video_player_android:
    dependency: transitive
    description:
      name: video_player_android
      sha256: f338a5a396c845f4632959511cad3542cdf3167e1b2a1a948ef07f7123c03608
      url: "https://pub.dev"
    source: hosted
    version: "2.4.9"
  video_player_avfoundation:
    dependency: transitive
    description:
      name: video_player_avfoundation
      sha256: f5f5b7fe8c865be8a57fe80c2dca130772e1db775b7af4e5c5aa1905069cfc6c
      url: "https://pub.dev"
    source: hosted
    version: "2.4.9"
  video_player_platform_interface:
    dependency: transitive
    description:
      name: video_player_platform_interface
      sha256: "1ca9acd7a0fb15fb1a990cb554e6f004465c6f37c99d2285766f08a4b2802988"
      url: "https://pub.dev"
    source: hosted
    version: "6.2.0"
  video_player_web:
    dependency: transitive
    description:
      name: video_player_web
      sha256: "44ce41424d104dfb7cf6982cc6b84af2b007a24d126406025bf40de5d481c74c"
      url: "https://pub.dev"
    source: hosted
    version: "2.0.16"
  video_thumbnail:
    dependency: "direct main"
    description:
      name: video_thumbnail
      sha256: c8f428689876fe9dd97b34d9be02951fb9a48d8f5bced362652c59aaedccf556
      url: "https://pub.dev"
    source: hosted
    version: "0.4.3"
  visibility_detector:
    dependency: "direct main"
    description:
      name: visibility_detector
      sha256: f4b1f40b122225ed779fcfecc33e6b23c19ce3f6ca4d4196ef7a4a19a067693c
      url: "https://pub.dev"
    source: hosted
    version: "0.2.0"
  wakelock:
    dependency: "direct main"
    description:
      name: wakelock
      sha256: da22c0789e1f849bec43688a52f2290f4e66268056f7cd77cb71245aef4917a0
      url: "https://pub.dev"
    source: hosted
    version: "0.5.6"
  wakelock_macos:
    dependency: transitive
    description:
      name: wakelock_macos
      sha256: "047c6be2f88cb6b76d02553bca5a3a3b95323b15d30867eca53a19a0a319d4cd"
      url: "https://pub.dev"
    source: hosted
    version: "0.4.0"
  wakelock_platform_interface:
    dependency: transitive
    description:
      name: wakelock_platform_interface
      sha256: "1f4aeb81fb592b863da83d2d0f7b8196067451e4df91046c26b54a403f9de621"
      url: "https://pub.dev"
    source: hosted
    version: "0.3.0"
  wakelock_web:
    dependency: transitive
    description:
      name: wakelock_web
      sha256: "1b256b811ee3f0834888efddfe03da8d18d0819317f20f6193e2922b41a501b5"
      url: "https://pub.dev"
    source: hosted
    version: "0.4.0"
  wakelock_windows:
    dependency: transitive
    description:
      name: wakelock_windows
      sha256: "108b1b73711f1664ee462e73af34a9286ff496e27d4d8371e2fb4da8fde4cdac"
      url: "https://pub.dev"
    source: hosted
    version: "0.2.0"
  watcher:
    dependency: transitive
    description:
      name: watcher
      sha256: "68173f2fa67d241323a4123be7ed4e43424c54befa5505d71c8ad4b7baf8f71d"
      url: "https://pub.dev"
    source: hosted
    version: "1.0.0"
  web:
    dependency: transitive
    description:
      name: web
      sha256: dc8ccd225a2005c1be616fe02951e2e342092edf968cf0844220383757ef8f10
      url: "https://pub.dev"
    source: hosted
    version: "0.1.4-beta"
  win32:
    dependency: transitive
    description:
      name: win32
      sha256: c0ee29e0f6e4ee5a63983aae753640adc15017b34e50424f8b45063426e19c5b
      url: "https://pub.dev"
    source: hosted
    version: "2.0.5"
  xdg_directories:
    dependency: transitive
    description:
      name: xdg_directories
      sha256: "0186b3f2d66be9a12b0295bddcf8b6f8c0b0cc2f85c6287344e2a6366bc28457"
      url: "https://pub.dev"
    source: hosted
    version: "0.2.0"
  xml:
    dependency: transitive
    description:
      name: xml
      sha256: "9d2cf96b38e3f523fb78f0102d1d4483f817f3c3a6d81f46bf1b7a430ae8d561"
      url: "https://pub.dev"
    source: hosted
    version: "5.1.1"
  yaml:
    dependency: transitive
    description:
      name: yaml
      sha256: "3cee79b1715110341012d27756d9bae38e650588acd38d3f3c610822e1337ace"
      url: "https://pub.dev"
    source: hosted
    version: "3.1.0"
sdks:
  dart: ">=3.1.0-185.0.dev <4.0.0"
  flutter: ">=3.3.0"
