PODS:
  - connectivity (0.0.1):
    - Flutter
    - Reachability
  - device_info (0.0.1):
    - Flutter
  - DKImagePickerController/Core (4.3.4):
    - DKImagePickerController/ImageDataManager
    - DKImagePickerController/Resource
  - DKImagePickerController/ImageDataManager (4.3.4)
  - DKImagePickerController/PhotoGallery (4.3.4):
    - DKImagePickerController/Core
    - DKPhotoGallery
  - DKImagePickerController/Resource (4.3.4)
  - DKPhotoGallery (0.0.17):
    - DKPhotoGallery/Core (= 0.0.17)
    - DKPhotoGallery/Model (= 0.0.17)
    - DKPhotoGallery/Preview (= 0.0.17)
    - DKPhotoGallery/Resource (= 0.0.17)
    - SDWebImage
    - SwiftyGif
  - DKPhotoGallery/Core (0.0.17):
    - DKPhotoGallery/Model
    - DKPhotoGallery/Preview
    - SDWebImage
    - SwiftyGif
  - DKPhotoGallery/Model (0.0.17):
    - SDWebImage
    - SwiftyGif
  - DKPhotoGallery/Preview (0.0.17):
    - DKPhotoGallery/Model
    - DKPhotoGallery/Resource
    - SDWebImage
    - SwiftyGif
  - DKPhotoGallery/Resource (0.0.17):
    - SDWebImage
    - SwiftyGif
  - ffmpeg-kit-ios-https (6.0)
  - ffmpeg_kit_flutter (6.0.0):
    - ffmpeg_kit_flutter/https (= 6.0.0)
    - Flutter
  - ffmpeg_kit_flutter/https (6.0.0):
    - ffmpeg-kit-ios-https (= 6.0)
    - Flutter
  - file_picker (0.0.1):
    - DKImagePickerController/PhotoGallery
    - Flutter
  - Flutter (1.0.0)
  - flutter_image_compress_common (1.0.0):
    - Flutter
    - Mantle
    - SDWebImage
    - SDWebImageWebPCoder
  - flutter_secure_storage (6.0.0):
    - Flutter
  - FMDB (2.7.5):
    - FMDB/standard (= 2.7.5)
  - FMDB/standard (2.7.5)
  - image_cropper (0.0.4):
    - Flutter
    - TOCropViewController (~> 2.6.1)
  - image_picker_ios (0.0.1):
    - Flutter
  - Intercom (15.1.4)
  - intercom_flutter (7.5.0):
    - Flutter
    - Intercom (= 15.1.4)
  - libwebp (1.3.1):
    - libwebp/demux (= 1.3.1)
    - libwebp/mux (= 1.3.1)
    - libwebp/sharpyuv (= 1.3.1)
    - libwebp/webp (= 1.3.1)
  - libwebp/demux (1.3.1):
    - libwebp/webp
  - libwebp/mux (1.3.1):
    - libwebp/demux
  - libwebp/sharpyuv (1.3.1)
  - libwebp/webp (1.3.1):
    - libwebp/sharpyuv
  - Mantle (2.2.0):
    - Mantle/extobjc (= 2.2.0)
  - Mantle/extobjc (2.2.0)
  - onesignal_flutter (3.5.1):
    - Flutter
    - OneSignalXCFramework (= 3.12.4)
  - OneSignalXCFramework (3.12.4):
    - OneSignalXCFramework/OneSignalCore (= 3.12.4)
    - OneSignalXCFramework/OneSignalExtension (= 3.12.4)
    - OneSignalXCFramework/OneSignalOutcomes (= 3.12.4)
  - OneSignalXCFramework/OneSignalCore (3.12.4)
  - OneSignalXCFramework/OneSignalExtension (3.12.4):
    - OneSignalXCFramework/OneSignalCore
    - OneSignalXCFramework/OneSignalOutcomes
  - OneSignalXCFramework/OneSignalOutcomes (3.12.4):
    - OneSignalXCFramework/OneSignalCore
  - package_info (0.0.1):
    - Flutter
  - package_info_plus (0.4.5):
    - Flutter
  - path_provider_foundation (0.0.1):
    - Flutter
    - FlutterMacOS
  - Reachability (3.2)
  - screen (0.0.1):
    - Flutter
  - SDWebImage (5.17.0):
    - SDWebImage/Core (= 5.17.0)
  - SDWebImage/Core (5.17.0)
  - SDWebImageWebPCoder (0.13.0):
    - libwebp (~> 1.0)
    - SDWebImage/Core (~> 5.17)
  - Sentry/HybridSDK (8.9.1):
    - SentryPrivate (= 8.9.1)
  - sentry_flutter (0.0.1):
    - Flutter
    - FlutterMacOS
    - Sentry/HybridSDK (= 8.9.1)
  - SentryPrivate (8.9.1)
  - share_plus (0.0.1):
    - Flutter
  - shared_preferences_foundation (0.0.1):
    - Flutter
    - FlutterMacOS
  - sqflite (0.0.3):
    - Flutter
    - FMDB (>= 2.7.5)
  - SwiftyGif (5.4.4)
  - TOCropViewController (2.6.1)
  - uni_links (0.0.1):
    - Flutter
  - url_launcher_ios (0.0.1):
    - Flutter
  - video_player_avfoundation (0.0.1):
    - Flutter
  - video_thumbnail (0.0.1):
    - Flutter
    - libwebp
  - wakelock (0.0.1):
    - Flutter

DEPENDENCIES:
  - connectivity (from `.symlinks/plugins/connectivity/ios`)
  - device_info (from `.symlinks/plugins/device_info/ios`)
  - ffmpeg_kit_flutter (from `.symlinks/plugins/ffmpeg_kit_flutter/ios`)
  - file_picker (from `.symlinks/plugins/file_picker/ios`)
  - Flutter (from `Flutter`)
  - flutter_image_compress_common (from `.symlinks/plugins/flutter_image_compress_common/ios`)
  - flutter_secure_storage (from `.symlinks/plugins/flutter_secure_storage/ios`)
  - image_cropper (from `.symlinks/plugins/image_cropper/ios`)
  - image_picker_ios (from `.symlinks/plugins/image_picker_ios/ios`)
  - intercom_flutter (from `.symlinks/plugins/intercom_flutter/ios`)
  - onesignal_flutter (from `.symlinks/plugins/onesignal_flutter/ios`)
  - OneSignalXCFramework (< 4.0, >= 3.4.3)
  - package_info (from `.symlinks/plugins/package_info/ios`)
  - package_info_plus (from `.symlinks/plugins/package_info_plus/ios`)
  - path_provider_foundation (from `.symlinks/plugins/path_provider_foundation/darwin`)
  - screen (from `.symlinks/plugins/screen/ios`)
  - sentry_flutter (from `.symlinks/plugins/sentry_flutter/ios`)
  - share_plus (from `.symlinks/plugins/share_plus/ios`)
  - shared_preferences_foundation (from `.symlinks/plugins/shared_preferences_foundation/darwin`)
  - sqflite (from `.symlinks/plugins/sqflite/ios`)
  - uni_links (from `.symlinks/plugins/uni_links/ios`)
  - url_launcher_ios (from `.symlinks/plugins/url_launcher_ios/ios`)
  - video_player_avfoundation (from `.symlinks/plugins/video_player_avfoundation/ios`)
  - video_thumbnail (from `.symlinks/plugins/video_thumbnail/ios`)
  - wakelock (from `.symlinks/plugins/wakelock/ios`)

SPEC REPOS:
  trunk:
    - DKImagePickerController
    - DKPhotoGallery
    - ffmpeg-kit-ios-https
    - FMDB
    - Intercom
    - libwebp
    - Mantle
    - OneSignalXCFramework
    - Reachability
    - SDWebImage
    - SDWebImageWebPCoder
    - Sentry
    - SentryPrivate
    - SwiftyGif
    - TOCropViewController

EXTERNAL SOURCES:
  connectivity:
    :path: ".symlinks/plugins/connectivity/ios"
  device_info:
    :path: ".symlinks/plugins/device_info/ios"
  ffmpeg_kit_flutter:
    :path: ".symlinks/plugins/ffmpeg_kit_flutter/ios"
  file_picker:
    :path: ".symlinks/plugins/file_picker/ios"
  Flutter:
    :path: Flutter
  flutter_image_compress_common:
    :path: ".symlinks/plugins/flutter_image_compress_common/ios"
  flutter_secure_storage:
    :path: ".symlinks/plugins/flutter_secure_storage/ios"
  image_cropper:
    :path: ".symlinks/plugins/image_cropper/ios"
  image_picker_ios:
    :path: ".symlinks/plugins/image_picker_ios/ios"
  intercom_flutter:
    :path: ".symlinks/plugins/intercom_flutter/ios"
  onesignal_flutter:
    :path: ".symlinks/plugins/onesignal_flutter/ios"
  package_info:
    :path: ".symlinks/plugins/package_info/ios"
  package_info_plus:
    :path: ".symlinks/plugins/package_info_plus/ios"
  path_provider_foundation:
    :path: ".symlinks/plugins/path_provider_foundation/darwin"
  screen:
    :path: ".symlinks/plugins/screen/ios"
  sentry_flutter:
    :path: ".symlinks/plugins/sentry_flutter/ios"
  share_plus:
    :path: ".symlinks/plugins/share_plus/ios"
  shared_preferences_foundation:
    :path: ".symlinks/plugins/shared_preferences_foundation/darwin"
  sqflite:
    :path: ".symlinks/plugins/sqflite/ios"
  uni_links:
    :path: ".symlinks/plugins/uni_links/ios"
  url_launcher_ios:
    :path: ".symlinks/plugins/url_launcher_ios/ios"
  video_player_avfoundation:
    :path: ".symlinks/plugins/video_player_avfoundation/ios"
  video_thumbnail:
    :path: ".symlinks/plugins/video_thumbnail/ios"
  wakelock:
    :path: ".symlinks/plugins/wakelock/ios"

SPEC CHECKSUMS:
  connectivity: c4130b2985d4ef6fd26f9702e886bd5260681467
  device_info: d7d233b645a32c40dfdc212de5cf646ca482f175
  DKImagePickerController: b512c28220a2b8ac7419f21c491fc8534b7601ac
  DKPhotoGallery: fdfad5125a9fdda9cc57df834d49df790dbb4179
  ffmpeg-kit-ios-https: f9c838aa5400a6c5ba12324c6b798f52197ba354
  ffmpeg_kit_flutter: 7b6a64db3b13e8961abe132f7ff63c9b9240027b
  file_picker: ce3938a0df3cc1ef404671531facef740d03f920
  Flutter: f04841e97a9d0b0a8025694d0796dd46242b2854
  flutter_image_compress_common: ec1d45c362c9d30a3f6a0426c297f47c52007e3e
  flutter_secure_storage: 23fc622d89d073675f2eaa109381aefbcf5a49be
  FMDB: 2ce00b547f966261cd18927a3ddb07cb6f3db82a
  image_cropper: a3291c624a953049bc6a02e1f8c8ceb162a24b25
  image_picker_ios: 4a8aadfbb6dc30ad5141a2ce3832af9214a705b5
  Intercom: 9e86f25934ada1073d762b9e0b00c7e6b3ccf1f4
  intercom_flutter: b05745cc1214ab6e3a8d72069607ad451d26149f
  libwebp: 33dc822fbbf4503668d09f7885bbfedc76c45e96
  Mantle: c5aa8794a29a022dfbbfc9799af95f477a69b62d
  onesignal_flutter: b8ac01bc3ebe47e798d7d775455c3a9b5b84f1c5
  OneSignalXCFramework: 087934ab0d4d7445fcf1c015c7c782359e26c020
  package_info: 873975fc26034f0b863a300ad47e7f1ac6c7ec62
  package_info_plus: 6c92f08e1f853dc01228d6f553146438dafcd14e
  path_provider_foundation: 29f094ae23ebbca9d3d0cec13889cd9060c0e943
  Reachability: 33e18b67625424e47b6cde6d202dce689ad7af96
  screen: abd91ca7bf3426e1cc3646d27e9b2358d6bf07b0
  SDWebImage: 750adf017a315a280c60fde706ab1e552a3ae4e9
  SDWebImageWebPCoder: af09429398d99d524cae2fe00f6f0f6e491ed102
  Sentry: e3203780941722a1fcfee99e351de14244c7f806
  sentry_flutter: 8f0ffd53088e6a4d50c095852c5cad9e4405025c
  SentryPrivate: 5e3683390f66611fc7c6215e27645873adb55d13
  share_plus: 056a1e8ac890df3e33cb503afffaf1e9b4fbae68
  shared_preferences_foundation: 5b919d13b803cadd15ed2dc053125c68730e5126
  sqflite: 31f7eba61e3074736dff8807a9b41581e4f7f15a
  SwiftyGif: 93a1cc87bf3a51916001cf8f3d63835fb64c819f
  TOCropViewController: edfd4f25713d56905ad1e0b9f5be3fbe0f59c863
  uni_links: d97da20c7701486ba192624d99bffaaffcfc298a
  url_launcher_ios: 08a3dfac5fb39e8759aeb0abbd5d9480f30fc8b4
  video_player_avfoundation: 81e49bb3d9fb63dccf9fa0f6d877dc3ddbeac126
  video_thumbnail: c4e2a3c539e247d4de13cd545344fd2d26ffafd1
  wakelock: d0fc7c864128eac40eba1617cb5264d9c940b46f

PODFILE CHECKSUM: 6f84bdc111eda8bb5fe45ea3d94ab58e03eaada7

COCOAPODS: 1.12.1
